<Solution>
  <Project Path="../Transactions/Transactions.Api/Transactions.Api.csproj" />
  <Project Path="../Transactions/Transactions.Application/Transactions.Application.csproj" />
  <Project Path="../Transactions/Transactions.Domain/Transactions.Domain.csproj" />
  <Project Path="../Transactions/Transactions.Infrastructure/Transactions.Infrastructure.csproj" />
  <Project Path="Accounts.Api/Accounts.Api.csproj" />
  <Project Path="Accounts.Application.Tests/Accounts.Application.Tests.csproj" />
  <Project Path="Accounts.Application/Accounts.Application.csproj" />
  <Project Path="Accounts.Domain/Accounts.Domain.csproj" />
  <Project Path="Accounts.Infrastructure/Accounts.Infrastructure.csproj" />
</Solution>
